
Microsoft Visual Studio Solution File, Format Version 12.00
# Visual Studio 15
VisualStudioVersion = 15.0.28307.271
MinimumVisualStudioVersion = 10.0.40219.1
Project("{2150E333-8FDC-42A3-9474-1A3956D46DE8}") = ".paket", ".paket", "{306A06DE-BCF4-49B8-9DAE-6A4B9067FC62}"
	ProjectSection(SolutionItems) = preProject
		paket.dependencies = paket.dependencies
	EndProjectSection
EndProject
Project("{FAE04EC0-301F-11D3-BF4B-00C04F79EFBC}") = "RoadStatus", "RoadStatus\RoadStatus.csproj", "{EA1923AC-AB87-4314-B387-6D2D78FDA338}"
EndProject
Project("{FAE04EC0-301F-11D3-BF4B-00C04F79EFBC}") = "RoadStatus.Tests", "RoadStatus.Tests\RoadStatus.Tests.csproj", "{F2D7CA7C-D829-4707-9D32-70552F7666B2}"
EndProject
Project("{2150E333-8FDC-42A3-9474-1A3956D46DE8}") = "Solution Items", "Solution Items", "{B901BD78-C5B1-4829-B512-1EC8F768531C}"
	ProjectSection(SolutionItems) = preProject
		.gitignore = .gitignore
		build.fsx = build.fsx
		fake.cmd = fake.cmd
		fake.sh = fake.sh
		paket.dependencies = paket.dependencies
		paket.lock = paket.lock
		README.md = README.md
	EndProjectSection
EndProject
Project("{FAE04EC0-301F-11D3-BF4B-00C04F79EFBC}") = "RoadStatus.Features", "RoadStatus.Features\RoadStatus.Features.csproj", "{4ED2376C-20E4-4BA6-BEDE-3801D50905A2}"
EndProject
Global
	GlobalSection(SolutionConfigurationPlatforms) = preSolution
		Debug|Any CPU = Debug|Any CPU
		Release|Any CPU = Release|Any CPU
	EndGlobalSection
	GlobalSection(ProjectConfigurationPlatforms) = postSolution
		{EA1923AC-AB87-4314-B387-6D2D78FDA338}.Debug|Any CPU.ActiveCfg = Debug|Any CPU
		{EA1923AC-AB87-4314-B387-6D2D78FDA338}.Debug|Any CPU.Build.0 = Debug|Any CPU
		{EA1923AC-AB87-4314-B387-6D2D78FDA338}.Release|Any CPU.ActiveCfg = Release|Any CPU
		{EA1923AC-AB87-4314-B387-6D2D78FDA338}.Release|Any CPU.Build.0 = Release|Any CPU
		{F2D7CA7C-D829-4707-9D32-70552F7666B2}.Debug|Any CPU.ActiveCfg = Debug|Any CPU
		{F2D7CA7C-D829-4707-9D32-70552F7666B2}.Debug|Any CPU.Build.0 = Debug|Any CPU
		{F2D7CA7C-D829-4707-9D32-70552F7666B2}.Release|Any CPU.ActiveCfg = Release|Any CPU
		{F2D7CA7C-D829-4707-9D32-70552F7666B2}.Release|Any CPU.Build.0 = Release|Any CPU
		{4ED2376C-20E4-4BA6-BEDE-3801D50905A2}.Debug|Any CPU.ActiveCfg = Debug|Any CPU
		{4ED2376C-20E4-4BA6-BEDE-3801D50905A2}.Debug|Any CPU.Build.0 = Debug|Any CPU
		{4ED2376C-20E4-4BA6-BEDE-3801D50905A2}.Release|Any CPU.ActiveCfg = Release|Any CPU
		{4ED2376C-20E4-4BA6-BEDE-3801D50905A2}.Release|Any CPU.Build.0 = Release|Any CPU
	EndGlobalSection
	GlobalSection(SolutionProperties) = preSolution
		HideSolutionNode = FALSE
	EndGlobalSection
	GlobalSection(ExtensibilityGlobals) = postSolution
		SolutionGuid = {82D0F646-081E-46A3-9385-B59A1843E31E}
	EndGlobalSection
EndGlobal
